// !$*UTF8*$!
{
	archiveVersion = 1;
	classes = {
	};
	objectVersion = 54;
	objects = {

/* Begin PBXBuildFile section */
		181568D2285D1EEC009CE3C7 /* ApiServiceHome.swift in Sources */ = {isa = PBXBuildFile; fileRef = 18F71E4D285A6A2900FF48CD /* ApiServiceHome.swift */; };
		181568D9285D2286009CE3C7 /* ApiServicesFake.swift in Sources */ = {isa = PBXBuildFile; fileRef = 181568D8285D2286009CE3C7 /* ApiServicesFake.swift */; };
		181568DF285D439C009CE3C7 /* ModelTests.swift in Sources */ = {isa = PBXBuildFile; fileRef = 181568DE285D439C009CE3C7 /* ModelTests.swift */; };
		18F71E49285A692E00FF48CD /* GoogleService-Info.plist in Resources */ = {isa = PBXBuildFile; fileRef = 18F71E48285A692E00FF48CD /* GoogleService-Info.plist */; };
		18F71E4A285A692E00FF48CD /* GoogleService-Info.plist in Resources */ = {isa = PBXBuildFile; fileRef = 18F71E48285A692E00FF48CD /* GoogleService-Info.plist */; };
		18F71E4B285A692E00FF48CD /* GoogleService-Info.plist in Resources */ = {isa = PBXBuildFile; fileRef = 18F71E48285A692E00FF48CD /* GoogleService-Info.plist */; };
		18F71E57285A989000FF48CD /* MockHome.json in Resources */ = {isa = PBXBuildFile; fileRef = 18F71E55285A989000FF48CD /* MockHome.json */; };
		331EA654F8D348D9688AE1BD /* libPods-Jobly-JoblyUITests.a in Frameworks */ = {isa = PBXBuildFile; fileRef = 19D4D21BEA3FEBABFBC4E94E /* libPods-Jobly-JoblyUITests.a */; };
		BCAE5C7E9D1A2AA3A8C703A3 /* libPods-Jobly.a in Frameworks */ = {isa = PBXBuildFile; fileRef = 2DC656D9D02A326AF71BE4C8 /* libPods-Jobly.a */; };
		EC0F718331F6D15A52E22603 /* libPods-JoblyTests.a in Frameworks */ = {isa = PBXBuildFile; fileRef = 543A113B55A3B3C157E9FF35 /* libPods-JoblyTests.a */; };
		F949955627EC362100C3B2E9 /* Header.swift in Sources */ = {isa = PBXBuildFile; fileRef = F949955427EC362100C3B2E9 /* Header.swift */; };
		F949955727EC362100C3B2E9 /* Header.xib in Resources */ = {isa = PBXBuildFile; fileRef = F949955527EC362100C3B2E9 /* Header.xib */; };
		F995C94227E57FF2008DE852 /* AppDelegate.swift in Sources */ = {isa = PBXBuildFile; fileRef = F995C94127E57FF2008DE852 /* AppDelegate.swift */; };
		F995C94427E57FF2008DE852 /* SceneDelegate.swift in Sources */ = {isa = PBXBuildFile; fileRef = F995C94327E57FF2008DE852 /* SceneDelegate.swift */; };
		F995C94B27E57FF4008DE852 /* Assets.xcassets in Resources */ = {isa = PBXBuildFile; fileRef = F995C94A27E57FF4008DE852 /* Assets.xcassets */; };
		F995C94E27E57FF4008DE852 /* LaunchScreen.storyboard in Resources */ = {isa = PBXBuildFile; fileRef = F995C94C27E57FF4008DE852 /* LaunchScreen.storyboard */; };
		F995C95927E57FF4008DE852 /* JoblyTests.swift in Sources */ = {isa = PBXBuildFile; fileRef = F995C95827E57FF4008DE852 /* JoblyTests.swift */; };
		F995C96327E57FF4008DE852 /* JoblyUITests.swift in Sources */ = {isa = PBXBuildFile; fileRef = F995C96227E57FF4008DE852 /* JoblyUITests.swift */; };
		F995C96527E57FF4008DE852 /* JoblyUITestsLaunchTests.swift in Sources */ = {isa = PBXBuildFile; fileRef = F995C96427E57FF4008DE852 /* JoblyUITestsLaunchTests.swift */; };
		F995C98827E5B8BF008DE852 /* Home.swift in Sources */ = {isa = PBXBuildFile; fileRef = F995C98727E5B8BF008DE852 /* Home.swift */; };
		F995C98A27E5B8E4008DE852 /* ViewModelHome.swift in Sources */ = {isa = PBXBuildFile; fileRef = F995C98927E5B8E4008DE852 /* ViewModelHome.swift */; };
		F995C99527E90A89008DE852 /* CollectionCell.swift in Sources */ = {isa = PBXBuildFile; fileRef = F995C99327E90A89008DE852 /* CollectionCell.swift */; };
		F995C99627E90A89008DE852 /* CollectionCell.xib in Resources */ = {isa = PBXBuildFile; fileRef = F995C99427E90A89008DE852 /* CollectionCell.xib */; };
		F995C99B27E90B22008DE852 /* CategoriesCell.swift in Sources */ = {isa = PBXBuildFile; fileRef = F995C99927E90B22008DE852 /* CategoriesCell.swift */; };
		F995C99C27E90B22008DE852 /* CategoriesCell.xib in Resources */ = {isa = PBXBuildFile; fileRef = F995C99A27E90B22008DE852 /* CategoriesCell.xib */; };
		F995C9B227EA2341008DE852 /* Colors.swift in Sources */ = {isa = PBXBuildFile; fileRef = F995C9B127EA2341008DE852 /* Colors.swift */; };
		F999F1D927F3A477009DF782 /* Widget.swift in Sources */ = {isa = PBXBuildFile; fileRef = F999F1D827F3A477009DF782 /* Widget.swift */; };
		F999F1DB27F3A50B009DF782 /* Categorie.swift in Sources */ = {isa = PBXBuildFile; fileRef = F999F1DA27F3A50B009DF782 /* Categorie.swift */; };
		F999F1DD27F3AA4D009DF782 /* Job.swift in Sources */ = {isa = PBXBuildFile; fileRef = F999F1DC27F3AA4D009DF782 /* Job.swift */; };
		F999F1DF27F3AC4A009DF782 /* Owner.swift in Sources */ = {isa = PBXBuildFile; fileRef = F999F1DE27F3AC4A009DF782 /* Owner.swift */; };
		F9BD34A427ECD77E0068343A /* HomeViewController.swift in Sources */ = {isa = PBXBuildFile; fileRef = F9BD34A227ECD77E0068343A /* HomeViewController.swift */; };
		F9BD34A527ECD77E0068343A /* HomeViewController.xib in Resources */ = {isa = PBXBuildFile; fileRef = F9BD34A327ECD77E0068343A /* HomeViewController.xib */; };
		F9BD34A827ECF70C0068343A /* RecommendedCell.swift in Sources */ = {isa = PBXBuildFile; fileRef = F9BD34A627ECF70C0068343A /* RecommendedCell.swift */; };
		F9BD34A927ECF70C0068343A /* RecommendedCell.xib in Resources */ = {isa = PBXBuildFile; fileRef = F9BD34A727ECF70C0068343A /* RecommendedCell.xib */; };
/* End PBXBuildFile section */

/* Begin PBXContainerItemProxy section */
		F995C95527E57FF4008DE852 /* PBXContainerItemProxy */ = {
			isa = PBXContainerItemProxy;
			containerPortal = F995C93627E57FF2008DE852 /* Project object */;
			proxyType = 1;
			remoteGlobalIDString = F995C93D27E57FF2008DE852;
			remoteInfo = Jobly;
		};
		F995C95F27E57FF4008DE852 /* PBXContainerItemProxy */ = {
			isa = PBXContainerItemProxy;
			containerPortal = F995C93627E57FF2008DE852 /* Project object */;
			proxyType = 1;
			remoteGlobalIDString = F995C93D27E57FF2008DE852;
			remoteInfo = Jobly;
		};
/* End PBXContainerItemProxy section */

/* Begin PBXFileReference section */
		181568D8285D2286009CE3C7 /* ApiServicesFake.swift */ = {isa = PBXFileReference; lastKnownFileType = sourcecode.swift; path = ApiServicesFake.swift; sourceTree = "<group>"; };
		181568DE285D439C009CE3C7 /* ModelTests.swift */ = {isa = PBXFileReference; lastKnownFileType = sourcecode.swift; path = ModelTests.swift; sourceTree = "<group>"; };
		18F71E48285A692E00FF48CD /* GoogleService-Info.plist */ = {isa = PBXFileReference; fileEncoding = 4; lastKnownFileType = text.plist.xml; name = "GoogleService-Info.plist"; path = "../../GoogleService-Info.plist"; sourceTree = "<group>"; };
		18F71E4D285A6A2900FF48CD /* ApiServiceHome.swift */ = {isa = PBXFileReference; lastKnownFileType = sourcecode.swift; path = ApiServiceHome.swift; sourceTree = "<group>"; };
		18F71E55285A989000FF48CD /* MockHome.json */ = {isa = PBXFileReference; lastKnownFileType = text.json; path = MockHome.json; sourceTree = "<group>"; };
		19D4D21BEA3FEBABFBC4E94E /* libPods-Jobly-JoblyUITests.a */ = {isa = PBXFileReference; explicitFileType = archive.ar; includeInIndex = 0; path = "libPods-Jobly-JoblyUITests.a"; sourceTree = BUILT_PRODUCTS_DIR; };
		2DC656D9D02A326AF71BE4C8 /* libPods-Jobly.a */ = {isa = PBXFileReference; explicitFileType = archive.ar; includeInIndex = 0; path = "libPods-Jobly.a"; sourceTree = BUILT_PRODUCTS_DIR; };
		464CF7A711579CC516933D57 /* Pods-JoblyTests.debug.xcconfig */ = {isa = PBXFileReference; includeInIndex = 1; lastKnownFileType = text.xcconfig; name = "Pods-JoblyTests.debug.xcconfig"; path = "Target Support Files/Pods-JoblyTests/Pods-JoblyTests.debug.xcconfig"; sourceTree = "<group>"; };
		543A113B55A3B3C157E9FF35 /* libPods-JoblyTests.a */ = {isa = PBXFileReference; explicitFileType = archive.ar; includeInIndex = 0; path = "libPods-JoblyTests.a"; sourceTree = BUILT_PRODUCTS_DIR; };
		8B37B269B747B087BE52759A /* Pods-Jobly-JoblyUITests.debug.xcconfig */ = {isa = PBXFileReference; includeInIndex = 1; lastKnownFileType = text.xcconfig; name = "Pods-Jobly-JoblyUITests.debug.xcconfig"; path = "Target Support Files/Pods-Jobly-JoblyUITests/Pods-Jobly-JoblyUITests.debug.xcconfig"; sourceTree = "<group>"; };
		BD44BD8347ACF24632321720 /* Pods-Jobly-JoblyUITests.release.xcconfig */ = {isa = PBXFileReference; includeInIndex = 1; lastKnownFileType = text.xcconfig; name = "Pods-Jobly-JoblyUITests.release.xcconfig"; path = "Target Support Files/Pods-Jobly-JoblyUITests/Pods-Jobly-JoblyUITests.release.xcconfig"; sourceTree = "<group>"; };
		C0091661587E120D48F16804 /* Pods-Jobly.debug.xcconfig */ = {isa = PBXFileReference; includeInIndex = 1; lastKnownFileType = text.xcconfig; name = "Pods-Jobly.debug.xcconfig"; path = "Target Support Files/Pods-Jobly/Pods-Jobly.debug.xcconfig"; sourceTree = "<group>"; };
		D1DDCA9BE6F489C46C612F06 /* Pods-JoblyTests.release.xcconfig */ = {isa = PBXFileReference; includeInIndex = 1; lastKnownFileType = text.xcconfig; name = "Pods-JoblyTests.release.xcconfig"; path = "Target Support Files/Pods-JoblyTests/Pods-JoblyTests.release.xcconfig"; sourceTree = "<group>"; };
		F2729415A802E860532141C5 /* Pods-Jobly.release.xcconfig */ = {isa = PBXFileReference; includeInIndex = 1; lastKnownFileType = text.xcconfig; name = "Pods-Jobly.release.xcconfig"; path = "Target Support Files/Pods-Jobly/Pods-Jobly.release.xcconfig"; sourceTree = "<group>"; };
		F949955427EC362100C3B2E9 /* Header.swift */ = {isa = PBXFileReference; lastKnownFileType = sourcecode.swift; path = Header.swift; sourceTree = "<group>"; };
		F949955527EC362100C3B2E9 /* Header.xib */ = {isa = PBXFileReference; lastKnownFileType = file.xib; path = Header.xib; sourceTree = "<group>"; };
		F995C93E27E57FF2008DE852 /* Jobly.app */ = {isa = PBXFileReference; explicitFileType = wrapper.application; includeInIndex = 0; path = Jobly.app; sourceTree = BUILT_PRODUCTS_DIR; };
		F995C94127E57FF2008DE852 /* AppDelegate.swift */ = {isa = PBXFileReference; lastKnownFileType = sourcecode.swift; path = AppDelegate.swift; sourceTree = "<group>"; };
		F995C94327E57FF2008DE852 /* SceneDelegate.swift */ = {isa = PBXFileReference; lastKnownFileType = sourcecode.swift; path = SceneDelegate.swift; sourceTree = "<group>"; };
		F995C94A27E57FF4008DE852 /* Assets.xcassets */ = {isa = PBXFileReference; lastKnownFileType = folder.assetcatalog; path = Assets.xcassets; sourceTree = "<group>"; };
		F995C94D27E57FF4008DE852 /* Base */ = {isa = PBXFileReference; lastKnownFileType = file.storyboard; name = Base; path = Base.lproj/LaunchScreen.storyboard; sourceTree = "<group>"; };
		F995C94F27E57FF4008DE852 /* Info.plist */ = {isa = PBXFileReference; lastKnownFileType = text.plist.xml; path = Info.plist; sourceTree = "<group>"; };
		F995C95427E57FF4008DE852 /* JoblyTests.xctest */ = {isa = PBXFileReference; explicitFileType = wrapper.cfbundle; includeInIndex = 0; path = JoblyTests.xctest; sourceTree = BUILT_PRODUCTS_DIR; };
		F995C95827E57FF4008DE852 /* JoblyTests.swift */ = {isa = PBXFileReference; lastKnownFileType = sourcecode.swift; path = JoblyTests.swift; sourceTree = "<group>"; };
		F995C95E27E57FF4008DE852 /* JoblyUITests.xctest */ = {isa = PBXFileReference; explicitFileType = wrapper.cfbundle; includeInIndex = 0; path = JoblyUITests.xctest; sourceTree = BUILT_PRODUCTS_DIR; };
		F995C96227E57FF4008DE852 /* JoblyUITests.swift */ = {isa = PBXFileReference; lastKnownFileType = sourcecode.swift; path = JoblyUITests.swift; sourceTree = "<group>"; };
		F995C96427E57FF4008DE852 /* JoblyUITestsLaunchTests.swift */ = {isa = PBXFileReference; lastKnownFileType = sourcecode.swift; path = JoblyUITestsLaunchTests.swift; sourceTree = "<group>"; };
		F995C98727E5B8BF008DE852 /* Home.swift */ = {isa = PBXFileReference; lastKnownFileType = sourcecode.swift; path = Home.swift; sourceTree = "<group>"; };
		F995C98927E5B8E4008DE852 /* ViewModelHome.swift */ = {isa = PBXFileReference; lastKnownFileType = sourcecode.swift; path = ViewModelHome.swift; sourceTree = "<group>"; };
		F995C99327E90A89008DE852 /* CollectionCell.swift */ = {isa = PBXFileReference; lastKnownFileType = sourcecode.swift; path = CollectionCell.swift; sourceTree = "<group>"; };
		F995C99427E90A89008DE852 /* CollectionCell.xib */ = {isa = PBXFileReference; lastKnownFileType = file.xib; path = CollectionCell.xib; sourceTree = "<group>"; };
		F995C99927E90B22008DE852 /* CategoriesCell.swift */ = {isa = PBXFileReference; lastKnownFileType = sourcecode.swift; path = CategoriesCell.swift; sourceTree = "<group>"; };
		F995C99A27E90B22008DE852 /* CategoriesCell.xib */ = {isa = PBXFileReference; lastKnownFileType = file.xib; path = CategoriesCell.xib; sourceTree = "<group>"; };
		F995C9B127EA2341008DE852 /* Colors.swift */ = {isa = PBXFileReference; lastKnownFileType = sourcecode.swift; path = Colors.swift; sourceTree = "<group>"; };
		F999F1D827F3A477009DF782 /* Widget.swift */ = {isa = PBXFileReference; lastKnownFileType = sourcecode.swift; path = Widget.swift; sourceTree = "<group>"; };
		F999F1DA27F3A50B009DF782 /* Categorie.swift */ = {isa = PBXFileReference; lastKnownFileType = sourcecode.swift; path = Categorie.swift; sourceTree = "<group>"; };
		F999F1DC27F3AA4D009DF782 /* Job.swift */ = {isa = PBXFileReference; lastKnownFileType = sourcecode.swift; path = Job.swift; sourceTree = "<group>"; };
		F999F1DE27F3AC4A009DF782 /* Owner.swift */ = {isa = PBXFileReference; lastKnownFileType = sourcecode.swift; path = Owner.swift; sourceTree = "<group>"; };
		F9BD34A227ECD77E0068343A /* HomeViewController.swift */ = {isa = PBXFileReference; lastKnownFileType = sourcecode.swift; path = HomeViewController.swift; sourceTree = "<group>"; };
		F9BD34A327ECD77E0068343A /* HomeViewController.xib */ = {isa = PBXFileReference; lastKnownFileType = file.xib; path = HomeViewController.xib; sourceTree = "<group>"; };
		F9BD34A627ECF70C0068343A /* RecommendedCell.swift */ = {isa = PBXFileReference; lastKnownFileType = sourcecode.swift; path = RecommendedCell.swift; sourceTree = "<group>"; };
		F9BD34A727ECF70C0068343A /* RecommendedCell.xib */ = {isa = PBXFileReference; lastKnownFileType = file.xib; path = RecommendedCell.xib; sourceTree = "<group>"; };
/* End PBXFileReference section */

/* Begin PBXFrameworksBuildPhase section */
		F995C93B27E57FF2008DE852 /* Frameworks */ = {
			isa = PBXFrameworksBuildPhase;
			buildActionMask = 2147483647;
			files = (
				BCAE5C7E9D1A2AA3A8C703A3 /* libPods-Jobly.a in Frameworks */,
			);
			runOnlyForDeploymentPostprocessing = 0;
		};
		F995C95127E57FF4008DE852 /* Frameworks */ = {
			isa = PBXFrameworksBuildPhase;
			buildActionMask = 2147483647;
			files = (
				EC0F718331F6D15A52E22603 /* libPods-JoblyTests.a in Frameworks */,
			);
			runOnlyForDeploymentPostprocessing = 0;
		};
		F995C95B27E57FF4008DE852 /* Frameworks */ = {
			isa = PBXFrameworksBuildPhase;
			buildActionMask = 2147483647;
			files = (
				331EA654F8D348D9688AE1BD /* libPods-Jobly-JoblyUITests.a in Frameworks */,
			);
			runOnlyForDeploymentPostprocessing = 0;
		};
/* End PBXFrameworksBuildPhase section */

/* Begin PBXGroup section */
		181568DA285D423B009CE3C7 /* FakeApi */ = {
			isa = PBXGroup;
			children = (
				181568D8285D2286009CE3C7 /* ApiServicesFake.swift */,
			);
			path = FakeApi;
			sourceTree = "<group>";
		};
		181568DB285D425A009CE3C7 /* TestModels */ = {
			isa = PBXGroup;
			children = (
				181568DE285D439C009CE3C7 /* ModelTests.swift */,
			);
			path = TestModels;
			sourceTree = "<group>";
		};
		181568DC285D4277009CE3C7 /* TestVieWModel */ = {
			isa = PBXGroup;
			children = (
				F995C95827E57FF4008DE852 /* JoblyTests.swift */,
			);
			path = TestVieWModel;
			sourceTree = "<group>";
		};
		181568DD285D429B009CE3C7 /* MockJSON */ = {
			isa = PBXGroup;
			children = (
				18F71E55285A989000FF48CD /* MockHome.json */,
			);
			path = MockJSON;
			sourceTree = "<group>";
		};
		18F71E4C285A69BB00FF48CD /* ProvidersHome */ = {
			isa = PBXGroup;
			children = (
				18F71E4D285A6A2900FF48CD /* ApiServiceHome.swift */,
			);
			path = ProvidersHome;
			sourceTree = "<group>";
		};
		19C2C1B2AD743EB8218699AD /* Frameworks */ = {
			isa = PBXGroup;
			children = (
				2DC656D9D02A326AF71BE4C8 /* libPods-Jobly.a */,
				19D4D21BEA3FEBABFBC4E94E /* libPods-Jobly-JoblyUITests.a */,
				543A113B55A3B3C157E9FF35 /* libPods-JoblyTests.a */,
			);
			name = Frameworks;
			sourceTree = "<group>";
		};
		5206C20ED136D736705F6DE5 /* Pods */ = {
			isa = PBXGroup;
			children = (
				C0091661587E120D48F16804 /* Pods-Jobly.debug.xcconfig */,
				F2729415A802E860532141C5 /* Pods-Jobly.release.xcconfig */,
				8B37B269B747B087BE52759A /* Pods-Jobly-JoblyUITests.debug.xcconfig */,
				BD44BD8347ACF24632321720 /* Pods-Jobly-JoblyUITests.release.xcconfig */,
				464CF7A711579CC516933D57 /* Pods-JoblyTests.debug.xcconfig */,
				D1DDCA9BE6F489C46C612F06 /* Pods-JoblyTests.release.xcconfig */,
			);
			path = Pods;
			sourceTree = "<group>";
		};
		F995C93527E57FF2008DE852 = {
			isa = PBXGroup;
			children = (
				F995C94027E57FF2008DE852 /* Jobly */,
				F995C95727E57FF4008DE852 /* JoblyTests */,
				F995C96127E57FF4008DE852 /* JoblyUITests */,
				F995C93F27E57FF2008DE852 /* Products */,
				5206C20ED136D736705F6DE5 /* Pods */,
				19C2C1B2AD743EB8218699AD /* Frameworks */,
			);
			sourceTree = "<group>";
		};
		F995C93F27E57FF2008DE852 /* Products */ = {
			isa = PBXGroup;
			children = (
				F995C93E27E57FF2008DE852 /* Jobly.app */,
				F995C95427E57FF4008DE852 /* JoblyTests.xctest */,
				F995C95E27E57FF4008DE852 /* JoblyUITests.xctest */,
			);
			name = Products;
			sourceTree = "<group>";
		};
		F995C94027E57FF2008DE852 /* Jobly */ = {
			isa = PBXGroup;
			children = (
				F995C94F27E57FF4008DE852 /* Info.plist */,
				18F71E48285A692E00FF48CD /* GoogleService-Info.plist */,
				F995C9C327EA6D8C008DE852 /* Modules */,
				F995C9A727EA1F90008DE852 /* Resources */,
				F995C9AC27EA20AE008DE852 /* Base */,
			);
			path = Jobly;
			sourceTree = "<group>";
		};
		F995C95727E57FF4008DE852 /* JoblyTests */ = {
			isa = PBXGroup;
			children = (
				181568DD285D429B009CE3C7 /* MockJSON */,
				181568DC285D4277009CE3C7 /* TestVieWModel */,
				181568DB285D425A009CE3C7 /* TestModels */,
				181568DA285D423B009CE3C7 /* FakeApi */,
			);
			path = JoblyTests;
			sourceTree = "<group>";
		};
		F995C96127E57FF4008DE852 /* JoblyUITests */ = {
			isa = PBXGroup;
			children = (
				F995C96227E57FF4008DE852 /* JoblyUITests.swift */,
				F995C96427E57FF4008DE852 /* JoblyUITestsLaunchTests.swift */,
			);
			path = JoblyUITests;
			sourceTree = "<group>";
		};
		F995C98627E5B8AF008DE852 /* HomeCells */ = {
			isa = PBXGroup;
			children = (
				F9BD34B027ECF79F0068343A /* Header */,
				F9BD34AF27ECF7800068343A /* Cells */,
				F9BD34AE27ECF75D0068343A /* CollectionsCell */,
			);
			path = HomeCells;
			sourceTree = "<group>";
		};
		F995C9A727EA1F90008DE852 /* Resources */ = {
			isa = PBXGroup;
			children = (
				F995C9AE27EA2137008DE852 /* Colors */,
				F995C9AD27EA211A008DE852 /* Images */,
			);
			path = Resources;
			sourceTree = "<group>";
		};
		F995C9AC27EA20AE008DE852 /* Base */ = {
			isa = PBXGroup;
			children = (
				F995C94127E57FF2008DE852 /* AppDelegate.swift */,
				F995C94327E57FF2008DE852 /* SceneDelegate.swift */,
				F995C94C27E57FF4008DE852 /* LaunchScreen.storyboard */,
			);
			path = Base;
			sourceTree = "<group>";
		};
		F995C9AD27EA211A008DE852 /* Images */ = {
			isa = PBXGroup;
			children = (
				F995C94A27E57FF4008DE852 /* Assets.xcassets */,
			);
			path = Images;
			sourceTree = "<group>";
		};
		F995C9AE27EA2137008DE852 /* Colors */ = {
			isa = PBXGroup;
			children = (
				F995C9B127EA2341008DE852 /* Colors.swift */,
			);
			path = Colors;
			sourceTree = "<group>";
		};
		F995C9BF27EA6AC9008DE852 /* Home */ = {
			isa = PBXGroup;
			children = (
				18F71E4C285A69BB00FF48CD /* ProvidersHome */,
				F995C9C027EA6AD1008DE852 /* Models */,
				F995C9C227EA6AEA008DE852 /* ViewModelHome */,
				F995C9C127EA6ADC008DE852 /* Views */,
			);
			path = Home;
			sourceTree = "<group>";
		};
		F995C9C027EA6AD1008DE852 /* Models */ = {
			isa = PBXGroup;
			children = (
				F995C98727E5B8BF008DE852 /* Home.swift */,
				F999F1D827F3A477009DF782 /* Widget.swift */,
				F999F1DA27F3A50B009DF782 /* Categorie.swift */,
				F999F1DC27F3AA4D009DF782 /* Job.swift */,
				F999F1DE27F3AC4A009DF782 /* Owner.swift */,
			);
			path = Models;
			sourceTree = "<group>";
		};
		F995C9C127EA6ADC008DE852 /* Views */ = {
			isa = PBXGroup;
			children = (
				F995C98627E5B8AF008DE852 /* HomeCells */,
				F9BD34A227ECD77E0068343A /* HomeViewController.swift */,
				F9BD34A327ECD77E0068343A /* HomeViewController.xib */,
			);
			path = Views;
			sourceTree = "<group>";
		};
		F995C9C227EA6AEA008DE852 /* ViewModelHome */ = {
			isa = PBXGroup;
			children = (
				F995C98927E5B8E4008DE852 /* ViewModelHome.swift */,
			);
			path = ViewModelHome;
			sourceTree = "<group>";
		};
		F995C9C327EA6D8C008DE852 /* Modules */ = {
			isa = PBXGroup;
			children = (
				F995C9BF27EA6AC9008DE852 /* Home */,
			);
			path = Modules;
			sourceTree = "<group>";
		};
		F9BD34AE27ECF75D0068343A /* CollectionsCell */ = {
			isa = PBXGroup;
			children = (
				F995C99327E90A89008DE852 /* CollectionCell.swift */,
				F995C99427E90A89008DE852 /* CollectionCell.xib */,
			);
			path = CollectionsCell;
			sourceTree = "<group>";
		};
		F9BD34AF27ECF7800068343A /* Cells */ = {
			isa = PBXGroup;
			children = (
				F995C99A27E90B22008DE852 /* CategoriesCell.xib */,
				F995C99927E90B22008DE852 /* CategoriesCell.swift */,
				F9BD34A627ECF70C0068343A /* RecommendedCell.swift */,
				F9BD34A727ECF70C0068343A /* RecommendedCell.xib */,
			);
			path = Cells;
			sourceTree = "<group>";
		};
		F9BD34B027ECF79F0068343A /* Header */ = {
			isa = PBXGroup;
			children = (
				F949955527EC362100C3B2E9 /* Header.xib */,
				F949955427EC362100C3B2E9 /* Header.swift */,
			);
			path = Header;
			sourceTree = "<group>";
		};
/* End PBXGroup section */

/* Begin PBXNativeTarget section */
		F995C93D27E57FF2008DE852 /* Jobly */ = {
			isa = PBXNativeTarget;
			buildConfigurationList = F995C96827E57FF4008DE852 /* Build configuration list for PBXNativeTarget "Jobly" */;
			buildPhases = (
				C98BF6C0701D74AB488BC997 /* [CP] Check Pods Manifest.lock */,
				F995C93A27E57FF2008DE852 /* Sources */,
				F995C93B27E57FF2008DE852 /* Frameworks */,
				F995C93C27E57FF2008DE852 /* Resources */,
				D7BD371D547FC76AFA36D6A9 /* [CP] Copy Pods Resources */,
			);
			buildRules = (
			);
			dependencies = (
			);
			name = Jobly;
			productName = Jobly;
			productReference = F995C93E27E57FF2008DE852 /* Jobly.app */;
			productType = "com.apple.product-type.application";
		};
		F995C95327E57FF4008DE852 /* JoblyTests */ = {
			isa = PBXNativeTarget;
			buildConfigurationList = F995C96B27E57FF4008DE852 /* Build configuration list for PBXNativeTarget "JoblyTests" */;
			buildPhases = (
				E8DE20D732F554E81B36363C /* [CP] Check Pods Manifest.lock */,
				F995C95027E57FF4008DE852 /* Sources */,
				F995C95127E57FF4008DE852 /* Frameworks */,
				F995C95227E57FF4008DE852 /* Resources */,
			);
			buildRules = (
			);
			dependencies = (
				F995C95627E57FF4008DE852 /* PBXTargetDependency */,
			);
			name = JoblyTests;
			productName = JoblyTests;
			productReference = F995C95427E57FF4008DE852 /* JoblyTests.xctest */;
			productType = "com.apple.product-type.bundle.unit-test";
		};
		F995C95D27E57FF4008DE852 /* JoblyUITests */ = {
			isa = PBXNativeTarget;
			buildConfigurationList = F995C96E27E57FF4008DE852 /* Build configuration list for PBXNativeTarget "JoblyUITests" */;
			buildPhases = (
				C9A9922CCF61A54EEC94D7F0 /* [CP] Check Pods Manifest.lock */,
				F995C95A27E57FF4008DE852 /* Sources */,
				F995C95B27E57FF4008DE852 /* Frameworks */,
				F995C95C27E57FF4008DE852 /* Resources */,
				011257CE5F528628BFDAC049 /* [CP] Copy Pods Resources */,
			);
			buildRules = (
			);
			dependencies = (
				F995C96027E57FF4008DE852 /* PBXTargetDependency */,
			);
			name = JoblyUITests;
			productName = JoblyUITests;
			productReference = F995C95E27E57FF4008DE852 /* JoblyUITests.xctest */;
			productType = "com.apple.product-type.bundle.ui-testing";
		};
/* End PBXNativeTarget section */

/* Begin PBXProject section */
		F995C93627E57FF2008DE852 /* Project object */ = {
			isa = PBXProject;
			attributes = {
				BuildIndependentTargetsInParallel = 1;
				LastSwiftUpdateCheck = 1320;
				LastUpgradeCheck = 1320;
				TargetAttributes = {
					F995C93D27E57FF2008DE852 = {
						CreatedOnToolsVersion = 13.2.1;
					};
					F995C95327E57FF4008DE852 = {
						CreatedOnToolsVersion = 13.2.1;
						TestTargetID = F995C93D27E57FF2008DE852;
					};
					F995C95D27E57FF4008DE852 = {
						CreatedOnToolsVersion = 13.2.1;
						TestTargetID = F995C93D27E57FF2008DE852;
					};
				};
			};
			buildConfigurationList = F995C93927E57FF2008DE852 /* Build configuration list for PBXProject "Jobly" */;
			compatibilityVersion = "Xcode 12.0";
			developmentRegion = en;
			hasScannedForEncodings = 0;
			knownRegions = (
				en,
				Base,
			);
			mainGroup = F995C93527E57FF2008DE852;
			productRefGroup = F995C93F27E57FF2008DE852 /* Products */;
			projectDirPath = "";
			projectRoot = "";
			targets = (
				F995C93D27E57FF2008DE852 /* Jobly */,
				F995C95327E57FF4008DE852 /* JoblyTests */,
				F995C95D27E57FF4008DE852 /* JoblyUITests */,
			);
		};
/* End PBXProject section */

/* Begin PBXResourcesBuildPhase section */
		F995C93C27E57FF2008DE852 /* Resources */ = {
			isa = PBXResourcesBuildPhase;
			buildActionMask = 2147483647;
			files = (
				18F71E49285A692E00FF48CD /* GoogleService-Info.plist in Resources */,
				F9BD34A527ECD77E0068343A /* HomeViewController.xib in Resources */,
				F995C94E27E57FF4008DE852 /* LaunchScreen.storyboard in Resources */,
				F9BD34A927ECF70C0068343A /* RecommendedCell.xib in Resources */,
				F995C94B27E57FF4008DE852 /* Assets.xcassets in Resources */,
				F995C99627E90A89008DE852 /* CollectionCell.xib in Resources */,
				F995C99C27E90B22008DE852 /* CategoriesCell.xib in Resources */,
				F949955727EC362100C3B2E9 /* Header.xib in Resources */,
			);
			runOnlyForDeploymentPostprocessing = 0;
		};
		F995C95227E57FF4008DE852 /* Resources */ = {
			isa = PBXResourcesBuildPhase;
			buildActionMask = 2147483647;
			files = (
				18F71E4A285A692E00FF48CD /* GoogleService-Info.plist in Resources */,
				18F71E57285A989000FF48CD /* MockHome.json in Resources */,
			);
			runOnlyForDeploymentPostprocessing = 0;
		};
		F995C95C27E57FF4008DE852 /* Resources */ = {
			isa = PBXResourcesBuildPhase;
			buildActionMask = 2147483647;
			files = (
				18F71E4B285A692E00FF48CD /* GoogleService-Info.plist in Resources */,
			);
			runOnlyForDeploymentPostprocessing = 0;
		};
/* End PBXResourcesBuildPhase section */

/* Begin PBXShellScriptBuildPhase section */
		011257CE5F528628BFDAC049 /* [CP] Copy Pods Resources */ = {
			isa = PBXShellScriptBuildPhase;
			buildActionMask = 2147483647;
			files = (
			);
			inputFileListPaths = (
				"${PODS_ROOT}/Target Support Files/Pods-Jobly-JoblyUITests/Pods-Jobly-JoblyUITests-resources-${CONFIGURATION}-input-files.xcfilelist",
			);
			name = "[CP] Copy Pods Resources";
			outputFileListPaths = (
				"${PODS_ROOT}/Target Support Files/Pods-Jobly-JoblyUITests/Pods-Jobly-JoblyUITests-resources-${CONFIGURATION}-output-files.xcfilelist",
			);
			runOnlyForDeploymentPostprocessing = 0;
			shellPath = /bin/sh;
			shellScript = "\"${PODS_ROOT}/Target Support Files/Pods-Jobly-JoblyUITests/Pods-Jobly-JoblyUITests-resources.sh\"\n";
			showEnvVarsInLog = 0;
		};
		C98BF6C0701D74AB488BC997 /* [CP] Check Pods Manifest.lock */ = {
			isa = PBXShellScriptBuildPhase;
			buildActionMask = 2147483647;
			files = (
			);
			inputFileListPaths = (
			);
			inputPaths = (
				"${PODS_PODFILE_DIR_PATH}/Podfile.lock",
				"${PODS_ROOT}/Manifest.lock",
			);
			name = "[CP] Check Pods Manifest.lock";
			outputFileListPaths = (
			);
			outputPaths = (
				"$(DERIVED_FILE_DIR)/Pods-Jobly-checkManifestLockResult.txt",
			);
			runOnlyForDeploymentPostprocessing = 0;
			shellPath = /bin/sh;
			shellScript = "diff \"${PODS_PODFILE_DIR_PATH}/Podfile.lock\" \"${PODS_ROOT}/Manifest.lock\" > /dev/null\nif [ $? != 0 ] ; then\n    # print error to STDERR\n    echo \"error: The sandbox is not in sync with the Podfile.lock. Run 'pod install' or update your CocoaPods installation.\" >&2\n    exit 1\nfi\n# This output is used by Xcode 'outputs' to avoid re-running this script phase.\necho \"SUCCESS\" > \"${SCRIPT_OUTPUT_FILE_0}\"\n";
			showEnvVarsInLog = 0;
		};
		C9A9922CCF61A54EEC94D7F0 /* [CP] Check Pods Manifest.lock */ = {
			isa = PBXShellScriptBuildPhase;
			buildActionMask = 2147483647;
			files = (
			);
			inputFileListPaths = (
			);
			inputPaths = (
				"${PODS_PODFILE_DIR_PATH}/Podfile.lock",
				"${PODS_ROOT}/Manifest.lock",
			);
			name = "[CP] Check Pods Manifest.lock";
			outputFileListPaths = (
			);
			outputPaths = (
				"$(DERIVED_FILE_DIR)/Pods-Jobly-JoblyUITests-checkManifestLockResult.txt",
			);
			runOnlyForDeploymentPostprocessing = 0;
			shellPath = /bin/sh;
			shellScript = "diff \"${PODS_PODFILE_DIR_PATH}/Podfile.lock\" \"${PODS_ROOT}/Manifest.lock\" > /dev/null\nif [ $? != 0 ] ; then\n    # print error to STDERR\n    echo \"error: The sandbox is not in sync with the Podfile.lock. Run 'pod install' or update your CocoaPods installation.\" >&2\n    exit 1\nfi\n# This output is used by Xcode 'outputs' to avoid re-running this script phase.\necho \"SUCCESS\" > \"${SCRIPT_OUTPUT_FILE_0}\"\n";
			showEnvVarsInLog = 0;
		};
		D7BD371D547FC76AFA36D6A9 /* [CP] Copy Pods Resources */ = {
			isa = PBXShellScriptBuildPhase;
			buildActionMask = 2147483647;
			files = (
			);
			inputFileListPaths = (
				"${PODS_ROOT}/Target Support Files/Pods-Jobly/Pods-Jobly-resources-${CONFIGURATION}-input-files.xcfilelist",
			);
			name = "[CP] Copy Pods Resources";
			outputFileListPaths = (
				"${PODS_ROOT}/Target Support Files/Pods-Jobly/Pods-Jobly-resources-${CONFIGURATION}-output-files.xcfilelist",
			);
			runOnlyForDeploymentPostprocessing = 0;
			shellPath = /bin/sh;
			shellScript = "\"${PODS_ROOT}/Target Support Files/Pods-Jobly/Pods-Jobly-resources.sh\"\n";
			showEnvVarsInLog = 0;
		};
		E8DE20D732F554E81B36363C /* [CP] Check Pods Manifest.lock */ = {
			isa = PBXShellScriptBuildPhase;
			buildActionMask = 2147483647;
			files = (
			);
			inputFileListPaths = (
			);
			inputPaths = (
				"${PODS_PODFILE_DIR_PATH}/Podfile.lock",
				"${PODS_ROOT}/Manifest.lock",
			);
			name = "[CP] Check Pods Manifest.lock";
			outputFileListPaths = (
			);
			outputPaths = (
				"$(DERIVED_FILE_DIR)/Pods-JoblyTests-checkManifestLockResult.txt",
			);
			runOnlyForDeploymentPostprocessing = 0;
			shellPath = /bin/sh;
			shellScript = "diff \"${PODS_PODFILE_DIR_PATH}/Podfile.lock\" \"${PODS_ROOT}/Manifest.lock\" > /dev/null\nif [ $? != 0 ] ; then\n    # print error to STDERR\n    echo \"error: The sandbox is not in sync with the Podfile.lock. Run 'pod install' or update your CocoaPods installation.\" >&2\n    exit 1\nfi\n# This output is used by Xcode 'outputs' to avoid re-running this script phase.\necho \"SUCCESS\" > \"${SCRIPT_OUTPUT_FILE_0}\"\n";
			showEnvVarsInLog = 0;
		};
/* End PBXShellScriptBuildPhase section */

/* Begin PBXSourcesBuildPhase section */
		F995C93A27E57FF2008DE852 /* Sources */ = {
			isa = PBXSourcesBuildPhase;
			buildActionMask = 2147483647;
			files = (
				F949955627EC362100C3B2E9 /* Header.swift in Sources */,
				F999F1DF27F3AC4A009DF782 /* Owner.swift in Sources */,
				F995C9B227EA2341008DE852 /* Colors.swift in Sources */,
				181568D2285D1EEC009CE3C7 /* ApiServiceHome.swift in Sources */,
				F995C98A27E5B8E4008DE852 /* ViewModelHome.swift in Sources */,
				F995C99527E90A89008DE852 /* CollectionCell.swift in Sources */,
				F9BD34A427ECD77E0068343A /* HomeViewController.swift in Sources */,
				F995C94227E57FF2008DE852 /* AppDelegate.swift in Sources */,
				F995C99B27E90B22008DE852 /* CategoriesCell.swift in Sources */,
				F9BD34A827ECF70C0068343A /* RecommendedCell.swift in Sources */,
				F995C98827E5B8BF008DE852 /* Home.swift in Sources */,
				F999F1DB27F3A50B009DF782 /* Categorie.swift in Sources */,
				F995C94427E57FF2008DE852 /* SceneDelegate.swift in Sources */,
				F999F1DD27F3AA4D009DF782 /* Job.swift in Sources */,
				F999F1D927F3A477009DF782 /* Widget.swift in Sources */,
			);
			runOnlyForDeploymentPostprocessing = 0;
		};
		F995C95027E57FF4008DE852 /* Sources */ = {
			isa = PBXSourcesBuildPhase;
			buildActionMask = 2147483647;
			files = (
				181568DF285D439C009CE3C7 /* ModelTests.swift in Sources */,
				F995C95927E57FF4008DE852 /* JoblyTests.swift in Sources */,
				181568D9285D2286009CE3C7 /* ApiServicesFake.swift in Sources */,
			);
			runOnlyForDeploymentPostprocessing = 0;
		};
		F995C95A27E57FF4008DE852 /* Sources */ = {
			isa = PBXSourcesBuildPhase;
			buildActionMask = 2147483647;
			files = (
				F995C96327E57FF4008DE852 /* JoblyUITests.swift in Sources */,
				F995C96527E57FF4008DE852 /* JoblyUITestsLaunchTests.swift in Sources */,
			);
			runOnlyForDeploymentPostprocessing = 0;
		};
/* End PBXSourcesBuildPhase section */

/* Begin PBXTargetDependency section */
		F995C95627E57FF4008DE852 /* PBXTargetDependency */ = {
			isa = PBXTargetDependency;
			target = F995C93D27E57FF2008DE852 /* Jobly */;
			targetProxy = F995C95527E57FF4008DE852 /* PBXContainerItemProxy */;
		};
		F995C96027E57FF4008DE852 /* PBXTargetDependency */ = {
			isa = PBXTargetDependency;
			target = F995C93D27E57FF2008DE852 /* Jobly */;
			targetProxy = F995C95F27E57FF4008DE852 /* PBXContainerItemProxy */;
		};
/* End PBXTargetDependency section */

/* Begin PBXVariantGroup section */
		F995C94C27E57FF4008DE852 /* LaunchScreen.storyboard */ = {
			isa = PBXVariantGroup;
			children = (
				F995C94D27E57FF4008DE852 /* Base */,
			);
			name = LaunchScreen.storyboard;
			sourceTree = "<group>";
		};
/* End PBXVariantGroup section */

/* Begin XCBuildConfiguration section */
		F995C96627E57FF4008DE852 /* Debug */ = {
			isa = XCBuildConfiguration;
			buildSettings = {
				ALWAYS_SEARCH_USER_PATHS = NO;
				CLANG_ANALYZER_NONNULL = YES;
				CLANG_ANALYZER_NUMBER_OBJECT_CONVERSION = YES_AGGRESSIVE;
				CLANG_CXX_LANGUAGE_STANDARD = "gnu++17";
				CLANG_CXX_LIBRARY = "libc++";
				CLANG_ENABLE_MODULES = YES;
				CLANG_ENABLE_OBJC_ARC = YES;
				CLANG_ENABLE_OBJC_WEAK = YES;
				CLANG_WARN_BLOCK_CAPTURE_AUTORELEASING = YES;
				CLANG_WARN_BOOL_CONVERSION = YES;
				CLANG_WARN_COMMA = YES;
				CLANG_WARN_CONSTANT_CONVERSION = YES;
				CLANG_WARN_DEPRECATED_OBJC_IMPLEMENTATIONS = YES;
				CLANG_WARN_DIRECT_OBJC_ISA_USAGE = YES_ERROR;
				CLANG_WARN_DOCUMENTATION_COMMENTS = YES;
				CLANG_WARN_EMPTY_BODY = YES;
				CLANG_WARN_ENUM_CONVERSION = YES;
				CLANG_WARN_INFINITE_RECURSION = YES;
				CLANG_WARN_INT_CONVERSION = YES;
				CLANG_WARN_NON_LITERAL_NULL_CONVERSION = YES;
				CLANG_WARN_OBJC_IMPLICIT_RETAIN_SELF = YES;
				CLANG_WARN_OBJC_LITERAL_CONVERSION = YES;
				CLANG_WARN_OBJC_ROOT_CLASS = YES_ERROR;
				CLANG_WARN_QUOTED_INCLUDE_IN_FRAMEWORK_HEADER = YES;
				CLANG_WARN_RANGE_LOOP_ANALYSIS = YES;
				CLANG_WARN_STRICT_PROTOTYPES = YES;
				CLANG_WARN_SUSPICIOUS_MOVE = YES;
				CLANG_WARN_UNGUARDED_AVAILABILITY = YES_AGGRESSIVE;
				CLANG_WARN_UNREACHABLE_CODE = YES;
				CLANG_WARN__DUPLICATE_METHOD_MATCH = YES;
				COPY_PHASE_STRIP = NO;
				DEBUG_INFORMATION_FORMAT = dwarf;
				ENABLE_STRICT_OBJC_MSGSEND = YES;
				ENABLE_TESTABILITY = YES;
				GCC_C_LANGUAGE_STANDARD = gnu11;
				GCC_DYNAMIC_NO_PIC = NO;
				GCC_NO_COMMON_BLOCKS = YES;
				GCC_OPTIMIZATION_LEVEL = 0;
				GCC_PREPROCESSOR_DEFINITIONS = (
					"DEBUG=1",
					"$(inherited)",
				);
				GCC_WARN_64_TO_32_BIT_CONVERSION = YES;
				GCC_WARN_ABOUT_RETURN_TYPE = YES_ERROR;
				GCC_WARN_UNDECLARED_SELECTOR = YES;
				GCC_WARN_UNINITIALIZED_AUTOS = YES_AGGRESSIVE;
				GCC_WARN_UNUSED_FUNCTION = YES;
				GCC_WARN_UNUSED_VARIABLE = YES;
				IPHONEOS_DEPLOYMENT_TARGET = 15.2;
				MTL_ENABLE_DEBUG_INFO = INCLUDE_SOURCE;
				MTL_FAST_MATH = YES;
				ONLY_ACTIVE_ARCH = YES;
				SDKROOT = iphoneos;
				SWIFT_ACTIVE_COMPILATION_CONDITIONS = DEBUG;
				SWIFT_OPTIMIZATION_LEVEL = "-Onone";
			};
			name = Debug;
		};
		F995C96727E57FF4008DE852 /* Release */ = {
			isa = XCBuildConfiguration;
			buildSettings = {
				ALWAYS_SEARCH_USER_PATHS = NO;
				CLANG_ANALYZER_NONNULL = YES;
				CLANG_ANALYZER_NUMBER_OBJECT_CONVERSION = YES_AGGRESSIVE;
				CLANG_CXX_LANGUAGE_STANDARD = "gnu++17";
				CLANG_CXX_LIBRARY = "libc++";
				CLANG_ENABLE_MODULES = YES;
				CLANG_ENABLE_OBJC_ARC = YES;
				CLANG_ENABLE_OBJC_WEAK = YES;
				CLANG_WARN_BLOCK_CAPTURE_AUTORELEASING = YES;
				CLANG_WARN_BOOL_CONVERSION = YES;
				CLANG_WARN_COMMA = YES;
				CLANG_WARN_CONSTANT_CONVERSION = YES;
				CLANG_WARN_DEPRECATED_OBJC_IMPLEMENTATIONS = YES;
				CLANG_WARN_DIRECT_OBJC_ISA_USAGE = YES_ERROR;
				CLANG_WARN_DOCUMENTATION_COMMENTS = YES;
				CLANG_WARN_EMPTY_BODY = YES;
				CLANG_WARN_ENUM_CONVERSION = YES;
				CLANG_WARN_INFINITE_RECURSION = YES;
				CLANG_WARN_INT_CONVERSION = YES;
				CLANG_WARN_NON_LITERAL_NULL_CONVERSION = YES;
				CLANG_WARN_OBJC_IMPLICIT_RETAIN_SELF = YES;
				CLANG_WARN_OBJC_LITERAL_CONVERSION = YES;
				CLANG_WARN_OBJC_ROOT_CLASS = YES_ERROR;
				CLANG_WARN_QUOTED_INCLUDE_IN_FRAMEWORK_HEADER = YES;
				CLANG_WARN_RANGE_LOOP_ANALYSIS = YES;
				CLANG_WARN_STRICT_PROTOTYPES = YES;
				CLANG_WARN_SUSPICIOUS_MOVE = YES;
				CLANG_WARN_UNGUARDED_AVAILABILITY = YES_AGGRESSIVE;
				CLANG_WARN_UNREACHABLE_CODE = YES;
				CLANG_WARN__DUPLICATE_METHOD_MATCH = YES;
				COPY_PHASE_STRIP = NO;
				DEBUG_INFORMATION_FORMAT = "dwarf-with-dsym";
				ENABLE_NS_ASSERTIONS = NO;
				ENABLE_STRICT_OBJC_MSGSEND = YES;
				GCC_C_LANGUAGE_STANDARD = gnu11;
				GCC_NO_COMMON_BLOCKS = YES;
				GCC_WARN_64_TO_32_BIT_CONVERSION = YES;
				GCC_WARN_ABOUT_RETURN_TYPE = YES_ERROR;
				GCC_WARN_UNDECLARED_SELECTOR = YES;
				GCC_WARN_UNINITIALIZED_AUTOS = YES_AGGRESSIVE;
				GCC_WARN_UNUSED_FUNCTION = YES;
				GCC_WARN_UNUSED_VARIABLE = YES;
				IPHONEOS_DEPLOYMENT_TARGET = 15.2;
				MTL_ENABLE_DEBUG_INFO = NO;
				MTL_FAST_MATH = YES;
				SDKROOT = iphoneos;
				SWIFT_COMPILATION_MODE = wholemodule;
				SWIFT_OPTIMIZATION_LEVEL = "-O";
				VALIDATE_PRODUCT = YES;
			};
			name = Release;
		};
		F995C96927E57FF4008DE852 /* Debug */ = {
			isa = XCBuildConfiguration;
			baseConfigurationReference = C0091661587E120D48F16804 /* Pods-Jobly.debug.xcconfig */;
			buildSettings = {
				ASSETCATALOG_COMPILER_APPICON_NAME = AppIcon;
				ASSETCATALOG_COMPILER_GLOBAL_ACCENT_COLOR_NAME = AccentColor;
				CODE_SIGN_STYLE = Automatic;
				CURRENT_PROJECT_VERSION = 1;
				DEVELOPMENT_TEAM = E7KF839Q69;
				GENERATE_INFOPLIST_FILE = YES;
				INFOPLIST_FILE = Jobly/Info.plist;
				INFOPLIST_KEY_UIApplicationSupportsIndirectInputEvents = YES;
				INFOPLIST_KEY_UILaunchStoryboardName = LaunchScreen;
				INFOPLIST_KEY_UISupportedInterfaceOrientations_iPad = "UIInterfaceOrientationPortrait UIInterfaceOrientationPortraitUpsideDown UIInterfaceOrientationLandscapeLeft UIInterfaceOrientationLandscapeRight";
				INFOPLIST_KEY_UISupportedInterfaceOrientations_iPhone = "UIInterfaceOrientationPortrait UIInterfaceOrientationLandscapeLeft UIInterfaceOrientationLandscapeRight";
				LD_RUNPATH_SEARCH_PATHS = (
					"$(inherited)",
					"@executable_path/Frameworks",
				);
				MARKETING_VERSION = 1.0;
				PRODUCT_BUNDLE_IDENTIFIER = Jobly.Jobly;
				PRODUCT_NAME = "$(TARGET_NAME)";
				SWIFT_EMIT_LOC_STRINGS = YES;
				SWIFT_VERSION = 5.0;
				TARGETED_DEVICE_FAMILY = "1,2";
			};
			name = Debug;
		};
		F995C96A27E57FF4008DE852 /* Release */ = {
			isa = XCBuildConfiguration;
			baseConfigurationReference = F2729415A802E860532141C5 /* Pods-Jobly.release.xcconfig */;
			buildSettings = {
				ASSETCATALOG_COMPILER_APPICON_NAME = AppIcon;
				ASSETCATALOG_COMPILER_GLOBAL_ACCENT_COLOR_NAME = AccentColor;
				CODE_SIGN_STYLE = Automatic;
				CURRENT_PROJECT_VERSION = 1;
				DEVELOPMENT_TEAM = E7KF839Q69;
				GENERATE_INFOPLIST_FILE = YES;
				INFOPLIST_FILE = Jobly/Info.plist;
				INFOPLIST_KEY_UIApplicationSupportsIndirectInputEvents = YES;
				INFOPLIST_KEY_UILaunchStoryboardName = LaunchScreen;
				INFOPLIST_KEY_UISupportedInterfaceOrientations_iPad = "UIInterfaceOrientationPortrait UIInterfaceOrientationPortraitUpsideDown UIInterfaceOrientationLandscapeLeft UIInterfaceOrientationLandscapeRight";
				INFOPLIST_KEY_UISupportedInterfaceOrientations_iPhone = "UIInterfaceOrientationPortrait UIInterfaceOrientationLandscapeLeft UIInterfaceOrientationLandscapeRight";
				LD_RUNPATH_SEARCH_PATHS = (
					"$(inherited)",
					"@executable_path/Frameworks",
				);
				MARKETING_VERSION = 1.0;
				PRODUCT_BUNDLE_IDENTIFIER = Jobly.Jobly;
				PRODUCT_NAME = "$(TARGET_NAME)";
				SWIFT_EMIT_LOC_STRINGS = YES;
				SWIFT_VERSION = 5.0;
				TARGETED_DEVICE_FAMILY = "1,2";
			};
			name = Release;
		};
		F995C96C27E57FF4008DE852 /* Debug */ = {
			isa = XCBuildConfiguration;
			baseConfigurationReference = 464CF7A711579CC516933D57 /* Pods-JoblyTests.debug.xcconfig */;
			buildSettings = {
				ALWAYS_EMBED_SWIFT_STANDARD_LIBRARIES = YES;
				BUNDLE_LOADER = "$(TEST_HOST)";
				CODE_SIGN_STYLE = Automatic;
				CURRENT_PROJECT_VERSION = 1;
				DEVELOPMENT_TEAM = E7KF839Q69;
				GENERATE_INFOPLIST_FILE = YES;
				IPHONEOS_DEPLOYMENT_TARGET = 15.2;
				MARKETING_VERSION = 1.0;
				PRODUCT_BUNDLE_IDENTIFIER = Jobly.JoblyTests;
				PRODUCT_NAME = "$(TARGET_NAME)";
				SWIFT_EMIT_LOC_STRINGS = NO;
				SWIFT_VERSION = 5.0;
				TARGETED_DEVICE_FAMILY = "1,2";
				TEST_HOST = "$(BUILT_PRODUCTS_DIR)/Jobly.app/Jobly";
			};
			name = Debug;
		};
		F995C96D27E57FF4008DE852 /* Release */ = {
			isa = XCBuildConfiguration;
			baseConfigurationReference = D1DDCA9BE6F489C46C612F06 /* Pods-JoblyTests.release.xcconfig */;
			buildSettings = {
				ALWAYS_EMBED_SWIFT_STANDARD_LIBRARIES = YES;
				BUNDLE_LOADER = "$(TEST_HOST)";
				CODE_SIGN_STYLE = Automatic;
				CURRENT_PROJECT_VERSION = 1;
				DEVELOPMENT_TEAM = E7KF839Q69;
				GENERATE_INFOPLIST_FILE = YES;
				IPHONEOS_DEPLOYMENT_TARGET = 15.2;
				MARKETING_VERSION = 1.0;
				PRODUCT_BUNDLE_IDENTIFIER = Jobly.JoblyTests;
				PRODUCT_NAME = "$(TARGET_NAME)";
				SWIFT_EMIT_LOC_STRINGS = NO;
				SWIFT_VERSION = 5.0;
				TARGETED_DEVICE_FAMILY = "1,2";
				TEST_HOST = "$(BUILT_PRODUCTS_DIR)/Jobly.app/Jobly";
			};
			name = Release;
		};
		F995C96F27E57FF4008DE852 /* Debug */ = {
			isa = XCBuildConfiguration;
			baseConfigurationReference = 8B37B269B747B087BE52759A /* Pods-Jobly-JoblyUITests.debug.xcconfig */;
			buildSettings = {
				ALWAYS_EMBED_SWIFT_STANDARD_LIBRARIES = YES;
				CODE_SIGN_STYLE = Automatic;
				CURRENT_PROJECT_VERSION = 1;
				DEVELOPMENT_TEAM = E7KF839Q69;
				GENERATE_INFOPLIST_FILE = YES;
				MARKETING_VERSION = 1.0;
				PRODUCT_BUNDLE_IDENTIFIER = Jobly.JoblyUITests;
				PRODUCT_NAME = "$(TARGET_NAME)";
				SWIFT_EMIT_LOC_STRINGS = NO;
				SWIFT_VERSION = 5.0;
				TARGETED_DEVICE_FAMILY = "1,2";
				TEST_TARGET_NAME = Jobly;
			};
			name = Debug;
		};
		F995C97027E57FF4008DE852 /* Release */ = {
			isa = XCBuildConfiguration;
			baseConfigurationReference = BD44BD8347ACF24632321720 /* Pods-Jobly-JoblyUITests.release.xcconfig */;
			buildSettings = {
				ALWAYS_EMBED_SWIFT_STANDARD_LIBRARIES = YES;
				CODE_SIGN_STYLE = Automatic;
				CURRENT_PROJECT_VERSION = 1;
				DEVELOPMENT_TEAM = E7KF839Q69;
				GENERATE_INFOPLIST_FILE = YES;
				MARKETING_VERSION = 1.0;
				PRODUCT_BUNDLE_IDENTIFIER = Jobly.JoblyUITests;
				PRODUCT_NAME = "$(TARGET_NAME)";
				SWIFT_EMIT_LOC_STRINGS = NO;
				SWIFT_VERSION = 5.0;
				TARGETED_DEVICE_FAMILY = "1,2";
				TEST_TARGET_NAME = Jobly;
			};
			name = Release;
		};
/* End XCBuildConfiguration section */

/* Begin XCConfigurationList section */
		F995C93927E57FF2008DE852 /* Build configuration list for PBXProject "Jobly" */ = {
			isa = XCConfigurationList;
			buildConfigurations = (
				F995C96627E57FF4008DE852 /* Debug */,
				F995C96727E57FF4008DE852 /* Release */,
			);
			defaultConfigurationIsVisible = 0;
			defaultConfigurationName = Release;
		};
		F995C96827E57FF4008DE852 /* Build configuration list for PBXNativeTarget "Jobly" */ = {
			isa = XCConfigurationList;
			buildConfigurations = (
				F995C96927E57FF4008DE852 /* Debug */,
				F995C96A27E57FF4008DE852 /* Release */,
			);
			defaultConfigurationIsVisible = 0;
			defaultConfigurationName = Release;
		};
		F995C96B27E57FF4008DE852 /* Build configuration list for PBXNativeTarget "JoblyTests" */ = {
			isa = XCConfigurationList;
			buildConfigurations = (
				F995C96C27E57FF4008DE852 /* Debug */,
				F995C96D27E57FF4008DE852 /* Release */,
			);
			defaultConfigurationIsVisible = 0;
			defaultConfigurationName = Release;
		};
		F995C96E27E57FF4008DE852 /* Build configuration list for PBXNativeTarget "JoblyUITests" */ = {
			isa = XCConfigurationList;
			buildConfigurations = (
				F995C96F27E57FF4008DE852 /* Debug */,
				F995C97027E57FF4008DE852 /* Release */,
			);
			defaultConfigurationIsVisible = 0;
			defaultConfigurationName = Release;
		};
/* End XCConfigurationList section */
	};
	rootObject = F995C93627E57FF2008DE852 /* Project object */;
}
